
Microsoft Visual Studio Solution File, Format Version 12.00
# Visual Studio Version 17
VisualStudioVersion = 17.0.31919.166
MinimumVisualStudioVersion = 10.0.40219.1
Project("{FAE04EC0-301F-11D3-BF4B-00C04F79EFBC}") = "ConfOffre", "ConfOffre\ConfOffre.csproj", "{69857817-103D-4395-8DCD-80961B3BDC97}"
EndProject
Global
	GlobalSection(SolutionConfigurationPlatforms) = preSolution
		Debug|Any CPU = Debug|Any CPU
		Release|Any CPU = Release|Any CPU
	EndGlobalSection
	GlobalSection(ProjectConfigurationPlatforms) = postSolution
		{69857817-103D-4395-8DCD-80961B3BDC97}.Debug|Any CPU.ActiveCfg = Debug|Any CPU
		{69857817-103D-4395-8DCD-80961B3BDC97}.Debug|Any CPU.Build.0 = Debug|Any CPU
		{69857817-103D-4395-8DCD-80961B3BDC97}.Release|Any CPU.ActiveCfg = Release|Any CPU
		{69857817-103D-4395-8DCD-80961B3BDC97}.Release|Any CPU.Build.0 = Release|Any CPU
	EndGlobalSection
	GlobalSection(SolutionProperties) = preSolution
		HideSolutionNode = FALSE
	EndGlobalSection
	GlobalSection(ExtensibilityGlobals) = postSolution
		SolutionGuid = {32ADC987-5B24-4170-8C88-E8B0039A3D39}
	EndGlobalSection
EndGlobal
